
Microsoft Visual Studio Solution File, Format Version 12.00
# Visual Studio 2013
VisualStudioVersion = 12.0.21005.1
MinimumVisualStudioVersion = 10.0.40219.1
Project("{2150E333-8FDC-42A3-9474-1A3956D46DE8}") = "Core", "Core", "{F19DABCE-C7E1-4D8A-9CFA-6B903C1D5A29}"
EndProject
Project("{FAE04EC0-301F-11D3-BF4B-00C04F79EFBC}") = "Composition", "Core\Composition\Composition.csproj", "{64F48DF2-8E16-4F0B-B114-1983958F23E1}"
EndProject
Project("{2150E333-8FDC-42A3-9474-1A3956D46DE8}") = "SDK", "SDK", "{5230B7BE-8E80-4F39-A902-909D60ACF681}"
EndProject
Project("{FAE04EC0-301F-11D3-BF4B-00C04F79EFBC}") = "PlatformFramework", "SDK\PlatformFramework\PlatformFramework.csproj", "{12921075-C3F1-4BAB-B036-3520BC953178}"
EndProject
Project("{FAE04EC0-301F-11D3-BF4B-00C04F79EFBC}") = "CompositionTest", "Core\Composition.Test\CompositionTest\CompositionTest.csproj", "{2459749C-8D96-4AA7-903B-149E9EC71110}"
EndProject
Project("{FAE04EC0-301F-11D3-BF4B-00C04F79EFBC}") = "PlatformFramework.Test", "SDK\PlatformFramework.Test\PlatformFramework.Test.csproj", "{2113ABC3-6C18-4205-AC86-CC18C3F8CA78}"
EndProject
Project("{2150E333-8FDC-42A3-9474-1A3956D46DE8}") = "SimpleWindowApplication", "SimpleWindowApplication", "{C87DD40E-C8CD-4A71-A3E9-49D065274586}"
EndProject
Project("{FAE04EC0-301F-11D3-BF4B-00C04F79EFBC}") = "SimpleWindowApplication", "SimpleWindowApplication\SimpleWindowApplication.csproj", "{90D1FAE3-2A3C-4EE0-9828-CD5282C08D09}"
EndProject
Project("{FAE04EC0-301F-11D3-BF4B-00C04F79EFBC}") = "SimpleWindow", "SimpleWindowApplication\SimpleWindow\SimpleWindow.csproj", "{EC4E9C8E-9DE0-4000-87F9-3F784255A234}"
EndProject
Global
	GlobalSection(SolutionConfigurationPlatforms) = preSolution
		Debug|Any CPU = Debug|Any CPU
		Release|Any CPU = Release|Any CPU
	EndGlobalSection
	GlobalSection(ProjectConfigurationPlatforms) = postSolution
		{64F48DF2-8E16-4F0B-B114-1983958F23E1}.Debug|Any CPU.ActiveCfg = Debug|Any CPU
		{64F48DF2-8E16-4F0B-B114-1983958F23E1}.Debug|Any CPU.Build.0 = Debug|Any CPU
		{64F48DF2-8E16-4F0B-B114-1983958F23E1}.Release|Any CPU.ActiveCfg = Release|Any CPU
		{64F48DF2-8E16-4F0B-B114-1983958F23E1}.Release|Any CPU.Build.0 = Release|Any CPU
		{12921075-C3F1-4BAB-B036-3520BC953178}.Debug|Any CPU.ActiveCfg = Debug|Any CPU
		{12921075-C3F1-4BAB-B036-3520BC953178}.Debug|Any CPU.Build.0 = Debug|Any CPU
		{12921075-C3F1-4BAB-B036-3520BC953178}.Release|Any CPU.ActiveCfg = Release|Any CPU
		{12921075-C3F1-4BAB-B036-3520BC953178}.Release|Any CPU.Build.0 = Release|Any CPU
		{2459749C-8D96-4AA7-903B-149E9EC71110}.Debug|Any CPU.ActiveCfg = Debug|Any CPU
		{2459749C-8D96-4AA7-903B-149E9EC71110}.Debug|Any CPU.Build.0 = Debug|Any CPU
		{2459749C-8D96-4AA7-903B-149E9EC71110}.Release|Any CPU.ActiveCfg = Release|Any CPU
		{2459749C-8D96-4AA7-903B-149E9EC71110}.Release|Any CPU.Build.0 = Release|Any CPU
		{2113ABC3-6C18-4205-AC86-CC18C3F8CA78}.Debug|Any CPU.ActiveCfg = Debug|Any CPU
		{2113ABC3-6C18-4205-AC86-CC18C3F8CA78}.Debug|Any CPU.Build.0 = Debug|Any CPU
		{2113ABC3-6C18-4205-AC86-CC18C3F8CA78}.Release|Any CPU.ActiveCfg = Release|Any CPU
		{2113ABC3-6C18-4205-AC86-CC18C3F8CA78}.Release|Any CPU.Build.0 = Release|Any CPU
		{90D1FAE3-2A3C-4EE0-9828-CD5282C08D09}.Debug|Any CPU.ActiveCfg = Debug|Any CPU
		{90D1FAE3-2A3C-4EE0-9828-CD5282C08D09}.Debug|Any CPU.Build.0 = Debug|Any CPU
		{90D1FAE3-2A3C-4EE0-9828-CD5282C08D09}.Release|Any CPU.ActiveCfg = Release|Any CPU
		{90D1FAE3-2A3C-4EE0-9828-CD5282C08D09}.Release|Any CPU.Build.0 = Release|Any CPU
		{EC4E9C8E-9DE0-4000-87F9-3F784255A234}.Debug|Any CPU.ActiveCfg = Debug|Any CPU
		{EC4E9C8E-9DE0-4000-87F9-3F784255A234}.Debug|Any CPU.Build.0 = Debug|Any CPU
		{EC4E9C8E-9DE0-4000-87F9-3F784255A234}.Release|Any CPU.ActiveCfg = Release|Any CPU
		{EC4E9C8E-9DE0-4000-87F9-3F784255A234}.Release|Any CPU.Build.0 = Release|Any CPU
	EndGlobalSection
	GlobalSection(SolutionProperties) = preSolution
		HideSolutionNode = FALSE
	EndGlobalSection
	GlobalSection(NestedProjects) = preSolution
		{64F48DF2-8E16-4F0B-B114-1983958F23E1} = {F19DABCE-C7E1-4D8A-9CFA-6B903C1D5A29}
		{2459749C-8D96-4AA7-903B-149E9EC71110} = {F19DABCE-C7E1-4D8A-9CFA-6B903C1D5A29}
		{12921075-C3F1-4BAB-B036-3520BC953178} = {5230B7BE-8E80-4F39-A902-909D60ACF681}
		{2113ABC3-6C18-4205-AC86-CC18C3F8CA78} = {5230B7BE-8E80-4F39-A902-909D60ACF681}
		{90D1FAE3-2A3C-4EE0-9828-CD5282C08D09} = {C87DD40E-C8CD-4A71-A3E9-49D065274586}
		{EC4E9C8E-9DE0-4000-87F9-3F784255A234} = {C87DD40E-C8CD-4A71-A3E9-49D065274586}
	EndGlobalSection
EndGlobal
